
Microsoft Visual Studio Solution File, Format Version 12.00
# Visual Studio Version 17
VisualStudioVersion = 17.14.36908.2 d17.14
MinimumVisualStudioVersion = 10.0.40219.1
Project("{FAE04EC0-301F-11D3-BF4B-00C04F79EFBC}") = "ProductApi", "ProductApi.csproj", "{29EA7AD2-A454-43EB-806E-78B636025C98}"
EndProject
Global
	GlobalSection(SolutionConfigurationPlatforms) = preSolution
		Debug|Any CPU = Debug|Any CPU
		Release|Any CPU = Release|Any CPU
	EndGlobalSection
	GlobalSection(ProjectConfigurationPlatforms) = postSolution
		{29EA7AD2-A454-43EB-806E-78B636025C98}.Debug|Any CPU.ActiveCfg = Debug|Any CPU
		{29EA7AD2-A454-43EB-806E-78B636025C98}.Debug|Any CPU.Build.0 = Debug|Any CPU
		{29EA7AD2-A454-43EB-806E-78B636025C98}.Release|Any CPU.ActiveCfg = Release|Any CPU
		{29EA7AD2-A454-43EB-806E-78B636025C98}.Release|Any CPU.Build.0 = Release|Any CPU
	EndGlobalSection
	GlobalSection(SolutionProperties) = preSolution
		HideSolutionNode = FALSE
	EndGlobalSection
	GlobalSection(ExtensibilityGlobals) = postSolution
		SolutionGuid = {994FFF52-D048-437D-A197-90E9500E9DF7}
	EndGlobalSection
EndGlobal
